
Microsoft Visual Studio Solution File, Format Version 12.00
# Visual Studio Version 17
VisualStudioVersion = 17.8.34316.72
MinimumVisualStudioVersion = 10.0.40219.1
Project("{888888A0-9F3D-457C-B088-3A5042F75D52}") = "Pug Discord Bot", "Pug Discord Bot.pyproj", "{8D23FBA0-8449-4EBC-9F0D-56481D01F4EA}"
EndProject
Global
	GlobalSection(SolutionConfigurationPlatforms) = preSolution
		Debug|Any CPU = Debug|Any CPU
		Release|Any CPU = Release|Any CPU
	EndGlobalSection
	GlobalSection(ProjectConfigurationPlatforms) = postSolution
		{8D23FBA0-8449-4EBC-9F0D-56481D01F4EA}.Debug|Any CPU.ActiveCfg = Debug|Any CPU
		{8D23FBA0-8449-4EBC-9F0D-56481D01F4EA}.Release|Any CPU.ActiveCfg = Release|Any CPU
	EndGlobalSection
	GlobalSection(SolutionProperties) = preSolution
		HideSolutionNode = FALSE
	EndGlobalSection
	GlobalSection(ExtensibilityGlobals) = postSolution
		SolutionGuid = {0D606049-2FFB-47CA-9AE6-91B1238F2CFE}
	EndGlobalSection
EndGlobal
